{
  "version": 4,
  "terraform_version": "1.15.8",
  "serial": 6,
  "lineage": "083dccdb-6e8b-72d2-ba2c-80babe7ead28",
  "outputs": {},
  "resources": [
    {
      "mode": "managed",
      "type": "docker_image",
      "name": "app",
      "provider": "provider[\"registry.terraform.io/kreuzwerker/docker\"]",
      "instances": [
        {
          "schema_version": 0,
          "attributes": {
            "build": [],
            "force_remove": null,
            "id": "sha256:8e988e1f0df00ee592954e60e61f81a7cf9030809a88371f0687a1bdb75c8c58devops-lab-app:v1",
            "image_id": "sha256:8e988e1f0df00ee592954e60e61f81a7cf9030809a88371f0687a1bdb75c8c58",
            "keep_locally": null,
            "name": "devops-lab-app:v1",
            "platform": null,
            "pull_triggers": null,
            "repo_digest": "devops-lab-app@sha256:8e988e1f0df00ee592954e60e61f81a7cf9030809a88371f0687a1bdb75c8c58",
            "timeouts": null,
            "triggers": null
          },
          "sensitive_attributes": [],
          "identity_schema_version": 0,
          "private": "eyJlMmJmYjczMC1lY2FhLTExZTYtOGY4OC0zNDM2M2JjN2M0YzAiOnsiY3JlYXRlIjoxMjAwMDAwMDAwMDAwLCJkZWxldGUiOjEyMDAwMDAwMDAwMDAsInVwZGF0ZSI6MTIwMDAwMDAwMDAwMH19"
        }
      ]
    }
  ],
  "check_results": null
}
